
Microsoft Visual Studio Solution File, Format Version 12.00
# Visual Studio Version 17
VisualStudioVersion = 17.8.34330.188
MinimumVisualStudioVersion = 10.0.40219.1
Project("{FAE04EC0-301F-11D3-BF4B-00C04F79EFBC}") = "ProjectContingencyPredictionApp", "ProjectContingencyPredictionApp\ProjectContingencyPredictionApp.csproj", "{7392B30C-AA8F-41D3-8DF9-1EFDFAA1C0C0}"
EndProject
Global
	GlobalSection(SolutionConfigurationPlatforms) = preSolution
		Debug|Any CPU = Debug|Any CPU
		Release|Any CPU = Release|Any CPU
	EndGlobalSection
	GlobalSection(ProjectConfigurationPlatforms) = postSolution
		{7392B30C-AA8F-41D3-8DF9-1EFDFAA1C0C0}.Debug|Any CPU.ActiveCfg = Debug|Any CPU
		{7392B30C-AA8F-41D3-8DF9-1EFDFAA1C0C0}.Debug|Any CPU.Build.0 = Debug|Any CPU
		{7392B30C-AA8F-41D3-8DF9-1EFDFAA1C0C0}.Release|Any CPU.ActiveCfg = Release|Any CPU
		{7392B30C-AA8F-41D3-8DF9-1EFDFAA1C0C0}.Release|Any CPU.Build.0 = Release|Any CPU
	EndGlobalSection
	GlobalSection(SolutionProperties) = preSolution
		HideSolutionNode = FALSE
	EndGlobalSection
	GlobalSection(ExtensibilityGlobals) = postSolution
		SolutionGuid = {C0F40F34-95DF-4321-B442-6B45713F61C7}
	EndGlobalSection
EndGlobal
